{
  "originHash" : "d2a1f72379b4fc20b5535d2f8779e50da75a4df96f2be25d3adc7083a65108d9",
  "pins" : [
    {
      "identity" : "hotkey",
      "kind" : "remoteSourceControl",
      "location" : "https://github.com/soffes/HotKey.git",
      "state" : {
        "revision" : "a3cf605d7a96f6ff50e04fcb6dea6e2613cfcbe4",
        "version" : "0.2.1"
      }
    },
    {
      "identity" : "visualeffectview",
      "kind" : "remoteSourceControl",
      "location" : "https://github.com/euclidaxiom/VisualEffectView.git",
      "state" : {
        "revision" : "1d2eae4f5b04cd043a50436085a642124ed0004d",
        "version" : "1.0.0"
      }
    }
  ],
  "version" : 3
}
