{
  "originHash" : "82cfee0c917b2cf1105d2920e404fdf5afbd11b0e65ecddd993b0b2f7592d48a",
  "pins" : [
    {
      "identity" : "hotkey",
      "kind" : "remoteSourceControl",
      "location" : "https://github.com/soffes/HotKey.git",
      "state" : {
        "revision" : "a3cf605d7a96f6ff50e04fcb6dea6e2613cfcbe4",
        "version" : "0.2.1"
      }
    },
    {
      "identity" : "visualeffectview",
      "kind" : "remoteSourceControl",
      "location" : "https://github.com/euclidaxiom/VisualEffectView.git",
      "state" : {
        "branch" : "main",
        "revision" : "bcc0ff6079f9c01842c7dae20ca7e92c72eb4bf6"
      }
    }
  ],
  "version" : 3
}
