{
  "originHash" : "dde90b1e2c89d1270731b7b2bff46ea466b1fa54ca10de29161fc590f2d74736",
  "pins" : [
    {
      "identity" : "visualeffectview",
      "kind" : "remoteSourceControl",
      "location" : "https://github.com/euclidaxiom/VisualEffectView.git",
      "state" : {
        "branch" : "main",
        "revision" : "bcc0ff6079f9c01842c7dae20ca7e92c72eb4bf6"
      }
    }
  ],
  "version" : 3
}
